{
  "name": "mythic-rift",
  "version": "0.1.0",
  "lockfileVersion": 3,
  "requires": true,
  "packages": {
    "": {
      "name": "mythic-rift",
      "version": "0.1.0",
      "dependencies": {
        "babylonjs": "^9.17.0",
        "babylonjs-loaders": "^9.17.0"
      }
    },
    "node_modules/babylonjs": {
      "version": "9.17.0",
      "resolved": "https://registry.npmjs.org/babylonjs/-/babylonjs-9.17.0.tgz",
      "integrity": "sha512-gU2wm3rZ3383fsd/2h1O8lrCrwFXHDbLtII2lUBx5bzoVeo72jkZ18I2l6uJtBkJ3wus4VlbVvs328wZdkyR1Q==",
      "hasInstallScript": true,
      "license": "Apache-2.0"
    },
    "node_modules/babylonjs-gltf2interface": {
      "version": "9.17.0",
      "resolved": "https://registry.npmjs.org/babylonjs-gltf2interface/-/babylonjs-gltf2interface-9.17.0.tgz",
      "integrity": "sha512-nqiTh0w/9MODhsa4K4YWGRSXsGgUyPLevcexn4gYEsCxMSYQm48wm9NhXaw+DtvSQTtmh8JL0nqqFYNTyinACw==",
      "license": "Apache-2.0"
    },
    "node_modules/babylonjs-loaders": {
      "version": "9.17.0",
      "resolved": "https://registry.npmjs.org/babylonjs-loaders/-/babylonjs-loaders-9.17.0.tgz",
      "integrity": "sha512-2seZ3eokvtsP539Uf1Uy9IJy7gL0W2UexTMDDotrWtp8NdounAu2nPvEj0+dBhoXsD0lRHDR6pwIiAfxVkZtIw==",
      "license": "Apache-2.0",
      "dependencies": {
        "babylonjs": "9.17.0",
        "babylonjs-gltf2interface": "9.17.0"
      }
    }
  }
}
